Microsoft Visual Studio Solution File, Format Version 12.00
# Visual Studio 15
VisualStudioVersion = 15.0.27130.2020
MinimumVisualStudioVersion = 10.0.40219.1
Project("{8BC9CEB8-8B4A-11D0-8D11-00A0C91BC942}") = "ship", "ship.vcxproj", "{0EB9727B-D71B-4213-9130-6C100D76777D}"
EndProject
Global
	GlobalSection(SolutionConfigurationPlatforms) = preSolution
		Debug|x86 = Debug|x86
		Release|x86 = Release|x86
	EndGlobalSection
	GlobalSection(ProjectConfigurationPlatforms) = postSolution
		{0EB9727B-D71B-4213-9130-6C100D76777D}.Debug|x86.ActiveCfg = Debug|Win32
		{0EB9727B-D71B-4213-9130-6C100D76777D}.Debug|x86.Build.0 = Debug|Win32
		{0EB9727B-D71B-4213-9130-6C100D76777D}.Release|x86.ActiveCfg = Release|Win32
		{0EB9727B-D71B-4213-9130-6C100D76777D}.Release|x86.Build.0 = Release|Win32
	EndGlobalSection
	GlobalSection(SolutionProperties) = preSolution
		HideSolutionNode = FALSE
	EndGlobalSection
	GlobalSection(ExtensibilityGlobals) = postSolution
		SolutionGuid = {8573904A-3B9C-4487-BD4A-825F7F27F79C}
	EndGlobalSection
EndGlobal
